
Microsoft Visual Studio Solution File, Format Version 12.00
# Visual Studio Version 17
VisualStudioVersion = 17.8.34525.116
MinimumVisualStudioVersion = 10.0.40219.1
Project("{FAE04EC0-301F-11D3-BF4B-00C04F79EFBC}") = "ORM", "ORM\ORM.csproj", "{374569B4-B7CF-4803-9721-D0CE690AED13}"
EndProject
Global
	GlobalSection(SolutionConfigurationPlatforms) = preSolution
		Debug|Any CPU = Debug|Any CPU
		Release|Any CPU = Release|Any CPU
	EndGlobalSection
	GlobalSection(ProjectConfigurationPlatforms) = postSolution
		{374569B4-B7CF-4803-9721-D0CE690AED13}.Debug|Any CPU.ActiveCfg = Debug|Any CPU
		{374569B4-B7CF-4803-9721-D0CE690AED13}.Debug|Any CPU.Build.0 = Debug|Any CPU
		{374569B4-B7CF-4803-9721-D0CE690AED13}.Release|Any CPU.ActiveCfg = Release|Any CPU
		{374569B4-B7CF-4803-9721-D0CE690AED13}.Release|Any CPU.Build.0 = Release|Any CPU
	EndGlobalSection
	GlobalSection(SolutionProperties) = preSolution
		HideSolutionNode = FALSE
	EndGlobalSection
	GlobalSection(ExtensibilityGlobals) = postSolution
		SolutionGuid = {092F0B37-9DA5-417D-9B4F-56EE36379348}
	EndGlobalSection
EndGlobal
